
Microsoft Visual Studio Solution File, Format Version 12.00
# Visual Studio Version 17
VisualStudioVersion = 17.12.35707.178 d17.12
MinimumVisualStudioVersion = 10.0.40219.1
Project("{FAE04EC0-301F-11D3-BF4B-00C04F79EFBC}") = "TicTac", "TicTac\TicTac.csproj", "{C4A1B529-8661-40A4-83D6-6DB663BC5B13}"
EndProject
Global
	GlobalSection(SolutionConfigurationPlatforms) = preSolution
		Debug|Any CPU = Debug|Any CPU
		Release|Any CPU = Release|Any CPU
	EndGlobalSection
	GlobalSection(ProjectConfigurationPlatforms) = postSolution
		{C4A1B529-8661-40A4-83D6-6DB663BC5B13}.Debug|Any CPU.ActiveCfg = Debug|Any CPU
		{C4A1B529-8661-40A4-83D6-6DB663BC5B13}.Debug|Any CPU.Build.0 = Debug|Any CPU
		{C4A1B529-8661-40A4-83D6-6DB663BC5B13}.Release|Any CPU.ActiveCfg = Release|Any CPU
		{C4A1B529-8661-40A4-83D6-6DB663BC5B13}.Release|Any CPU.Build.0 = Release|Any CPU
	EndGlobalSection
	GlobalSection(SolutionProperties) = preSolution
		HideSolutionNode = FALSE
	EndGlobalSection
EndGlobal
